
Microsoft Visual Studio Solution File, Format Version 12.00
# Visual Studio Version 17
VisualStudioVersion = 17.5.33530.505
MinimumVisualStudioVersion = 10.0.40219.1
Project("{9A19103F-16F7-4668-BE54-9A1E7A4F7556}") = "ExchangeCrawler", "ExchangeCrawler.csproj", "{31B7B703-48BB-4FB0-9EA4-CF0E157EF26C}"
EndProject
Global
	GlobalSection(SolutionConfigurationPlatforms) = preSolution
		Debug|Any CPU = Debug|Any CPU
		Release|Any CPU = Release|Any CPU
	EndGlobalSection
	GlobalSection(ProjectConfigurationPlatforms) = postSolution
		{31B7B703-48BB-4FB0-9EA4-CF0E157EF26C}.Debug|Any CPU.ActiveCfg = Debug|Any CPU
		{31B7B703-48BB-4FB0-9EA4-CF0E157EF26C}.Debug|Any CPU.Build.0 = Debug|Any CPU
		{31B7B703-48BB-4FB0-9EA4-CF0E157EF26C}.Release|Any CPU.ActiveCfg = Release|Any CPU
		{31B7B703-48BB-4FB0-9EA4-CF0E157EF26C}.Release|Any CPU.Build.0 = Release|Any CPU
	EndGlobalSection
	GlobalSection(SolutionProperties) = preSolution
		HideSolutionNode = FALSE
	EndGlobalSection
	GlobalSection(ExtensibilityGlobals) = postSolution
		SolutionGuid = {43ED9DE6-8B86-4915-AB8F-268D8513D9A8}
	EndGlobalSection
EndGlobal
